{
  "version": 4,
  "terraform_version": "1.5.7",
  "serial": 4,
  "lineage": "1afcf0c5-46b7-a67e-c68b-cb5e0a7fab94",
  "outputs": {
    "storage_account_id": {
      "value": "/subscriptions/e947617b-8748-45c3-a023-a6d82d99f96c/resourceGroups/storage_account_resource_group/providers/Microsoft.Storage/storageAccounts/luglistorageaccount9719",
      "type": "string"
    }
  },
  "resources": [
    {
      "mode": "managed",
      "type": "azurerm_resource_group",
      "name": "first_resource_group",
      "provider": "provider[\"registry.terraform.io/hashicorp/azurerm\"]",
      "instances": [
        {
          "schema_version": 0,
          "attributes": {
            "id": "/subscriptions/e947617b-8748-45c3-a023-a6d82d99f96c/resourceGroups/storage_account_resource_group",
            "location": "brazilsouth",
            "managed_by": "",
            "name": "storage_account_resource_group",
            "tags": {
              "managed_by": "terraform",
              "owner": "marlonlugli"
            },
            "timeouts": null
          },
          "sensitive_attributes": [],
          "private": "eyJlMmJmYjczMC1lY2FhLTExZTYtOGY4OC0zNDM2M2JjN2M0YzAiOnsiY3JlYXRlIjo1NDAwMDAwMDAwMDAwLCJkZWxldGUiOjU0MDAwMDAwMDAwMDAsInJlYWQiOjMwMDAwMDAwMDAwMCwidXBkYXRlIjo1NDAwMDAwMDAwMDAwfX0="
        }
      ]
    },
    {
      "mode": "managed",
      "type": "azurerm_storage_account",
      "name": "first_storage_account",
      "provider": "provider[\"registry.terraform.io/hashicorp/azurerm\"]",
      "instances": [
        {
          "schema_version": 4,
          "attributes": {
            "access_tier": "Hot",
            "account_kind": "StorageV2",
            "account_replication_type": "LRS",
            "account_tier": "Standard",
            "allow_nested_items_to_be_public": true,
            "allowed_copy_scope": "",
            "azure_files_authentication": [],
            "blob_properties": [
              {
                "change_feed_enabled": false,
                "change_feed_retention_in_days": 0,
                "container_delete_retention_policy": [],
                "cors_rule": [],
                "default_service_version": "",
                "delete_retention_policy": [],
                "last_access_time_enabled": false,
                "restore_policy": [],
                "versioning_enabled": false
              }
            ],
            "cross_tenant_replication_enabled": true,
            "custom_domain": [],
            "customer_managed_key": [],
            "default_to_oauth_authentication": false,
            "edge_zone": "",
            "enable_https_traffic_only": true,
            "id": "/subscriptions/e947617b-8748-45c3-a023-a6d82d99f96c/resourceGroups/storage_account_resource_group/providers/Microsoft.Storage/storageAccounts/luglistorageaccount9719",
            "identity": [],
            "immutability_policy": [],
            "infrastructure_encryption_enabled": false,
            "is_hns_enabled": false,
            "large_file_share_enabled": null,
            "location": "brazilsouth",
            "min_tls_version": "TLS1_2",
            "name": "luglistorageaccount9719",
            "network_rules": [
              {
                "bypass": [
                  "AzureServices"
                ],
                "default_action": "Allow",
                "ip_rules": [],
                "private_link_access": [],
                "virtual_network_subnet_ids": []
              }
            ],
            "nfsv3_enabled": false,
            "primary_access_key": "8CXAcWaD/g8ngTj7ckYte64m8P2u6jbfJNr3iUYPwvIl5BfvQG05OLAFuvy7uPOZS1qW5AOa/I2X+ASt741mXw==",
            "primary_blob_connection_string": "DefaultEndpointsProtocol=https;BlobEndpoint=https://luglistorageaccount9719.blob.core.windows.net/;AccountName=luglistorageaccount9719;AccountKey=8CXAcWaD/g8ngTj7ckYte64m8P2u6jbfJNr3iUYPwvIl5BfvQG05OLAFuvy7uPOZS1qW5AOa/I2X+ASt741mXw==",
            "primary_blob_endpoint": "https://luglistorageaccount9719.blob.core.windows.net/",
            "primary_blob_host": "luglistorageaccount9719.blob.core.windows.net",
            "primary_connection_string": "DefaultEndpointsProtocol=https;AccountName=luglistorageaccount9719;AccountKey=8CXAcWaD/g8ngTj7ckYte64m8P2u6jbfJNr3iUYPwvIl5BfvQG05OLAFuvy7uPOZS1qW5AOa/I2X+ASt741mXw==;EndpointSuffix=core.windows.net",
            "primary_dfs_endpoint": "https://luglistorageaccount9719.dfs.core.windows.net/",
            "primary_dfs_host": "luglistorageaccount9719.dfs.core.windows.net",
            "primary_file_endpoint": "https://luglistorageaccount9719.file.core.windows.net/",
            "primary_file_host": "luglistorageaccount9719.file.core.windows.net",
            "primary_location": "brazilsouth",
            "primary_queue_endpoint": "https://luglistorageaccount9719.queue.core.windows.net/",
            "primary_queue_host": "luglistorageaccount9719.queue.core.windows.net",
            "primary_table_endpoint": "https://luglistorageaccount9719.table.core.windows.net/",
            "primary_table_host": "luglistorageaccount9719.table.core.windows.net",
            "primary_web_endpoint": "https://luglistorageaccount9719.z15.web.core.windows.net/",
            "primary_web_host": "luglistorageaccount9719.z15.web.core.windows.net",
            "public_network_access_enabled": true,
            "queue_encryption_key_type": "Service",
            "queue_properties": [
              {
                "cors_rule": [],
                "hour_metrics": [
                  {
                    "enabled": true,
                    "include_apis": true,
                    "retention_policy_days": 7,
                    "version": "1.0"
                  }
                ],
                "logging": [
                  {
                    "delete": false,
                    "read": false,
                    "retention_policy_days": 0,
                    "version": "1.0",
                    "write": false
                  }
                ],
                "minute_metrics": [
                  {
                    "enabled": false,
                    "include_apis": false,
                    "retention_policy_days": 0,
                    "version": "1.0"
                  }
                ]
              }
            ],
            "resource_group_name": "storage_account_resource_group",
            "routing": [],
            "sas_policy": [],
            "secondary_access_key": "2yaVSrRO2uXGLPrsg+fKHWavO5ws35vMRx39EDFs7+pBDXXEoqekCX6pIONksPToYcp8ldzScUml+AStoW9FcA==",
            "secondary_blob_connection_string": "",
            "secondary_blob_endpoint": null,
            "secondary_blob_host": null,
            "secondary_connection_string": "DefaultEndpointsProtocol=https;AccountName=luglistorageaccount9719;AccountKey=2yaVSrRO2uXGLPrsg+fKHWavO5ws35vMRx39EDFs7+pBDXXEoqekCX6pIONksPToYcp8ldzScUml+AStoW9FcA==;EndpointSuffix=core.windows.net",
            "secondary_dfs_endpoint": null,
            "secondary_dfs_host": null,
            "secondary_file_endpoint": null,
            "secondary_file_host": null,
            "secondary_location": "",
            "secondary_queue_endpoint": null,
            "secondary_queue_host": null,
            "secondary_table_endpoint": null,
            "secondary_table_host": null,
            "secondary_web_endpoint": null,
            "secondary_web_host": null,
            "sftp_enabled": false,
            "share_properties": [
              {
                "cors_rule": [],
                "retention_policy": [
                  {
                    "days": 7
                  }
                ],
                "smb": []
              }
            ],
            "shared_access_key_enabled": true,
            "static_website": [],
            "table_encryption_key_type": "Service",
            "tags": {
              "managed_by": "terraform",
              "owner": "marlonlugli"
            },
            "timeouts": null
          },
          "sensitive_attributes": [],
          "private": "eyJlMmJmYjczMC1lY2FhLTExZTYtOGY4OC0zNDM2M2JjN2M0YzAiOnsiY3JlYXRlIjozNjAwMDAwMDAwMDAwLCJkZWxldGUiOjM2MDAwMDAwMDAwMDAsInJlYWQiOjMwMDAwMDAwMDAwMCwidXBkYXRlIjozNjAwMDAwMDAwMDAwfSwic2NoZW1hX3ZlcnNpb24iOiI0In0=",
          "dependencies": [
            "azurerm_resource_group.first_resource_group"
          ]
        }
      ]
    },
    {
      "mode": "managed",
      "type": "azurerm_storage_container",
      "name": "first_container",
      "provider": "provider[\"registry.terraform.io/hashicorp/azurerm\"]",
      "instances": [
        {
          "schema_version": 1,
          "attributes": {
            "container_access_type": "private",
            "has_immutability_policy": false,
            "has_legal_hold": false,
            "id": "https://luglistorageaccount9719.blob.core.windows.net/imagens",
            "metadata": {},
            "name": "imagens",
            "resource_manager_id": "/subscriptions/e947617b-8748-45c3-a023-a6d82d99f96c/resourceGroups/storage_account_resource_group/providers/Microsoft.Storage/storageAccounts/luglistorageaccount9719/blobServices/default/containers/imagens",
            "storage_account_name": "luglistorageaccount9719",
            "timeouts": null
          },
          "sensitive_attributes": [],
          "private": "eyJlMmJmYjczMC1lY2FhLTExZTYtOGY4OC0zNDM2M2JjN2M0YzAiOnsiY3JlYXRlIjoxODAwMDAwMDAwMDAwLCJkZWxldGUiOjE4MDAwMDAwMDAwMDAsInJlYWQiOjMwMDAwMDAwMDAwMCwidXBkYXRlIjoxODAwMDAwMDAwMDAwfSwic2NoZW1hX3ZlcnNpb24iOiIxIn0=",
          "dependencies": [
            "azurerm_resource_group.first_resource_group",
            "azurerm_storage_account.first_storage_account"
          ]
        }
      ]
    }
  ],
  "check_results": null
}
